
Microsoft Visual Studio Solution File, Format Version 12.00
# Visual Studio Version 16
VisualStudioVersion = 16.0.29411.108
MinimumVisualStudioVersion = 10.0.40219.1
Project("{FAE04EC0-301F-11D3-BF4B-00C04F79EFBC}") = "WcfServiceLibrary", "WcfServiceLibrary\WcfServiceLibrary.csproj", "{B7103627-F6F8-4ADD-AAB6-09AA31885D0F}"
EndProject
Project("{FAE04EC0-301F-11D3-BF4B-00C04F79EFBC}") = "DemoClient", "DemoClient\DemoClient.csproj", "{6C57D515-E33E-4A8E-8FF6-48CBDC6F2A53}"
EndProject
Global
	GlobalSection(SolutionConfigurationPlatforms) = preSolution
		Debug|Any CPU = Debug|Any CPU
		Release|Any CPU = Release|Any CPU
	EndGlobalSection
	GlobalSection(ProjectConfigurationPlatforms) = postSolution
		{B7103627-F6F8-4ADD-AAB6-09AA31885D0F}.Debug|Any CPU.ActiveCfg = Debug|Any CPU
		{B7103627-F6F8-4ADD-AAB6-09AA31885D0F}.Debug|Any CPU.Build.0 = Debug|Any CPU
		{B7103627-F6F8-4ADD-AAB6-09AA31885D0F}.Release|Any CPU.ActiveCfg = Release|Any CPU
		{B7103627-F6F8-4ADD-AAB6-09AA31885D0F}.Release|Any CPU.Build.0 = Release|Any CPU
		{6C57D515-E33E-4A8E-8FF6-48CBDC6F2A53}.Debug|Any CPU.ActiveCfg = Debug|Any CPU
		{6C57D515-E33E-4A8E-8FF6-48CBDC6F2A53}.Debug|Any CPU.Build.0 = Debug|Any CPU
		{6C57D515-E33E-4A8E-8FF6-48CBDC6F2A53}.Release|Any CPU.ActiveCfg = Release|Any CPU
		{6C57D515-E33E-4A8E-8FF6-48CBDC6F2A53}.Release|Any CPU.Build.0 = Release|Any CPU
	EndGlobalSection
	GlobalSection(SolutionProperties) = preSolution
		HideSolutionNode = FALSE
	EndGlobalSection
	GlobalSection(ExtensibilityGlobals) = postSolution
		SolutionGuid = {6C45142D-991B-4E39-B9CE-108543B23991}
	EndGlobalSection
EndGlobal
